
Microsoft Visual Studio Solution File, Format Version 12.00
# Visual Studio Version 18
VisualStudioVersion = 18.4.11612.150
MinimumVisualStudioVersion = 10.0.40219.1
Project("{FAE04EC0-301F-11D3-BF4B-00C04F79EFBC}") = "CoolifyApi", "src\CoolifyApi\CoolifyApi.csproj", "{ACA9D02D-F4AE-B715-2BD1-C73348D9AE3C}"
EndProject
Project("{2150E333-8FDC-42A3-9474-1A3956D46DE8}") = "src", "src", "{02EA681E-C7D8-13C7-8484-4AC65E1B71E8}"
EndProject
Project("{2150E333-8FDC-42A3-9474-1A3956D46DE8}") = "docs", "docs", "{A84D4E18-7610-46AB-9F6E-EF2017A2D278}"
	ProjectSection(SolutionItems) = preProject
		.gitignore = .gitignore
		README.md = README.md
	EndProjectSection
EndProject
Project("{2150E333-8FDC-42A3-9474-1A3956D46DE8}") = "tests", "tests", "{2E450D43-C8F5-425E-8ACB-84E6157017F3}"
EndProject
Project("{FAE04EC0-301F-11D3-BF4B-00C04F79EFBC}") = "CoolifyApi.IntegrationTests", "tests\CoolifyApi.IntegrationTests\CoolifyApi.IntegrationTests.csproj", "{C75522B9-54F7-0635-D2CE-B9B79C72DD19}"
EndProject
Global
	GlobalSection(SolutionConfigurationPlatforms) = preSolution
		Debug|Any CPU = Debug|Any CPU
		Release|Any CPU = Release|Any CPU
	EndGlobalSection
	GlobalSection(ProjectConfigurationPlatforms) = postSolution
		{ACA9D02D-F4AE-B715-2BD1-C73348D9AE3C}.Debug|Any CPU.ActiveCfg = Debug|Any CPU
		{ACA9D02D-F4AE-B715-2BD1-C73348D9AE3C}.Debug|Any CPU.Build.0 = Debug|Any CPU
		{ACA9D02D-F4AE-B715-2BD1-C73348D9AE3C}.Release|Any CPU.ActiveCfg = Release|Any CPU
		{ACA9D02D-F4AE-B715-2BD1-C73348D9AE3C}.Release|Any CPU.Build.0 = Release|Any CPU
		{C75522B9-54F7-0635-D2CE-B9B79C72DD19}.Debug|Any CPU.ActiveCfg = Debug|Any CPU
		{C75522B9-54F7-0635-D2CE-B9B79C72DD19}.Debug|Any CPU.Build.0 = Debug|Any CPU
		{C75522B9-54F7-0635-D2CE-B9B79C72DD19}.Release|Any CPU.ActiveCfg = Release|Any CPU
		{C75522B9-54F7-0635-D2CE-B9B79C72DD19}.Release|Any CPU.Build.0 = Release|Any CPU
	EndGlobalSection
	GlobalSection(SolutionProperties) = preSolution
		HideSolutionNode = FALSE
	EndGlobalSection
	GlobalSection(NestedProjects) = preSolution
		{ACA9D02D-F4AE-B715-2BD1-C73348D9AE3C} = {02EA681E-C7D8-13C7-8484-4AC65E1B71E8}
		{C75522B9-54F7-0635-D2CE-B9B79C72DD19} = {2E450D43-C8F5-425E-8ACB-84E6157017F3}
	EndGlobalSection
	GlobalSection(ExtensibilityGlobals) = postSolution
		SolutionGuid = {50373242-7D90-4701-8B4E-2251DDCC4479}
	EndGlobalSection
EndGlobal
